// !$*UTF8*$!
{
	archiveVersion = 1;
	classes = {
	};
	objectVersion = 50;
	objects = {

/* Begin PBXBuildFile section */
		DD54B20A24D209BA00DB7825 /* AppDelegate.swift in Sources */ = {isa = PBXBuildFile; fileRef = DD54B20924D209BA00DB7825 /* AppDelegate.swift */; };
		DD54B20C24D209BA00DB7825 /* SceneDelegate.swift in Sources */ = {isa = PBXBuildFile; fileRef = DD54B20B24D209BA00DB7825 /* SceneDelegate.swift */; };
		DD54B20E24D209BA00DB7825 /* ViewController.swift in Sources */ = {isa = PBXBuildFile; fileRef = DD54B20D24D209BA00DB7825 /* ViewController.swift */; };
		DD54B21124D209BA00DB7825 /* Main.storyboard in Resources */ = {isa = PBXBuildFile; fileRef = DD54B20F24D209BA00DB7825 /* Main.storyboard */; };
		DD54B21324D209BC00DB7825 /* Assets.xcassets in Resources */ = {isa = PBXBuildFile; fileRef = DD54B21224D209BC00DB7825 /* Assets.xcassets */; };
		DD54B21624D209BC00DB7825 /* LaunchScreen.storyboard in Resources */ = {isa = PBXBuildFile; fileRef = DD54B21424D209BC00DB7825 /* LaunchScreen.storyboard */; };
		DD54B22124D209BC00DB7825 /* RestaurantPageTests.swift in Sources */ = {isa = PBXBuildFile; fileRef = DD54B22024D209BC00DB7825 /* RestaurantPageTests.swift */; };
		DD54B22C24D209BC00DB7825 /* RestaurantPageUITests.swift in Sources */ = {isa = PBXBuildFile; fileRef = DD54B22B24D209BC00DB7825 /* RestaurantPageUITests.swift */; };
/* End PBXBuildFile section */

/* Begin PBXContainerItemProxy section */
		DD54B21D24D209BC00DB7825 /* PBXContainerItemProxy */ = {
			isa = PBXContainerItemProxy;
			containerPortal = DD54B1FE24D209BA00DB7825 /* Project object */;
			proxyType = 1;
			remoteGlobalIDString = DD54B20524D209BA00DB7825;
			remoteInfo = RestaurantPage;
		};
		DD54B22824D209BC00DB7825 /* PBXContainerItemProxy */ = {
			isa = PBXContainerItemProxy;
			containerPortal = DD54B1FE24D209BA00DB7825 /* Project object */;
			proxyType = 1;
			remoteGlobalIDString = DD54B20524D209BA00DB7825;
			remoteInfo = RestaurantPage;
		};
/* End PBXContainerItemProxy section */

/* Begin PBXFileReference section */
		DD54B20624D209BA00DB7825 /* RestaurantPage.app */ = {isa = PBXFileReference; explicitFileType = wrapper.application; includeInIndex = 0; path = RestaurantPage.app; sourceTree = BUILT_PRODUCTS_DIR; };
		DD54B20924D209BA00DB7825 /* AppDelegate.swift */ = {isa = PBXFileReference; lastKnownFileType = sourcecode.swift; path = AppDelegate.swift; sourceTree = "<group>"; };
		DD54B20B24D209BA00DB7825 /* SceneDelegate.swift */ = {isa = PBXFileReference; lastKnownFileType = sourcecode.swift; path = SceneDelegate.swift; sourceTree = "<group>"; };
		DD54B20D24D209BA00DB7825 /* ViewController.swift */ = {isa = PBXFileReference; lastKnownFileType = sourcecode.swift; path = ViewController.swift; sourceTree = "<group>"; };
		DD54B21024D209BA00DB7825 /* Base */ = {isa = PBXFileReference; lastKnownFileType = file.storyboard; name = Base; path = Base.lproj/Main.storyboard; sourceTree = "<group>"; };
		DD54B21224D209BC00DB7825 /* Assets.xcassets */ = {isa = PBXFileReference; lastKnownFileType = folder.assetcatalog; path = Assets.xcassets; sourceTree = "<group>"; };
		DD54B21524D209BC00DB7825 /* Base */ = {isa = PBXFileReference; lastKnownFileType = file.storyboard; name = Base; path = Base.lproj/LaunchScreen.storyboard; sourceTree = "<group>"; };
		DD54B21724D209BC00DB7825 /* Info.plist */ = {isa = PBXFileReference; lastKnownFileType = text.plist.xml; path = Info.plist; sourceTree = "<group>"; };
		DD54B21C24D209BC00DB7825 /* RestaurantPageTests.xctest */ = {isa = PBXFileReference; explicitFileType = wrapper.cfbundle; includeInIndex = 0; path = RestaurantPageTests.xctest; sourceTree = BUILT_PRODUCTS_DIR; };
		DD54B22024D209BC00DB7825 /* RestaurantPageTests.swift */ = {isa = PBXFileReference; lastKnownFileType = sourcecode.swift; path = RestaurantPageTests.swift; sourceTree = "<group>"; };
		DD54B22224D209BC00DB7825 /* Info.plist */ = {isa = PBXFileReference; lastKnownFileType = text.plist.xml; path = Info.plist; sourceTree = "<group>"; };
		DD54B22724D209BC00DB7825 /* RestaurantPageUITests.xctest */ = {isa = PBXFileReference; explicitFileType = wrapper.cfbundle; includeInIndex = 0; path = RestaurantPageUITests.xctest; sourceTree = BUILT_PRODUCTS_DIR; };
		DD54B22B24D209BC00DB7825 /* RestaurantPageUITests.swift */ = {isa = PBXFileReference; lastKnownFileType = sourcecode.swift; path = RestaurantPageUITests.swift; sourceTree = "<group>"; };
		DD54B22D24D209BC00DB7825 /* Info.plist */ = {isa = PBXFileReference; lastKnownFileType = text.plist.xml; path = Info.plist; sourceTree = "<group>"; };
/* End PBXFileReference section */

/* Begin PBXFrameworksBuildPhase section */
		DD54B20324D209BA00DB7825 /* Frameworks */ = {
			isa = PBXFrameworksBuildPhase;
			buildActionMask = 2147483647;
			files = (
			);
			runOnlyForDeploymentPostprocessing = 0;
		};
		DD54B21924D209BC00DB7825 /* Frameworks */ = {
			isa = PBXFrameworksBuildPhase;
			buildActionMask = 2147483647;
			files = (
			);
			runOnlyForDeploymentPostprocessing = 0;
		};
		DD54B22424D209BC00DB7825 /* Frameworks */ = {
			isa = PBXFrameworksBuildPhase;
			buildActionMask = 2147483647;
			files = (
			);
			runOnlyForDeploymentPostprocessing = 0;
		};
/* End PBXFrameworksBuildPhase section */

/* Begin PBXGroup section */
		DD54B1FD24D209BA00DB7825 = {
			isa = PBXGroup;
			children = (
				DD54B20824D209BA00DB7825 /* RestaurantPage */,
				DD54B21F24D209BC00DB7825 /* RestaurantPageTests */,
				DD54B22A24D209BC00DB7825 /* RestaurantPageUITests */,
				DD54B20724D209BA00DB7825 /* Products */,
			);
			sourceTree = "<group>";
		};
		DD54B20724D209BA00DB7825 /* Products */ = {
			isa = PBXGroup;
			children = (
				DD54B20624D209BA00DB7825 /* RestaurantPage.app */,
				DD54B21C24D209BC00DB7825 /* RestaurantPageTests.xctest */,
				DD54B22724D209BC00DB7825 /* RestaurantPageUITests.xctest */,
			);
			name = Products;
			sourceTree = "<group>";
		};
		DD54B20824D209BA00DB7825 /* RestaurantPage */ = {
			isa = PBXGroup;
			children = (
				DD54B20924D209BA00DB7825 /* AppDelegate.swift */,
				DD54B20B24D209BA00DB7825 /* SceneDelegate.swift */,
				DD54B20D24D209BA00DB7825 /* ViewController.swift */,
				DD54B20F24D209BA00DB7825 /* Main.storyboard */,
				DD54B21224D209BC00DB7825 /* Assets.xcassets */,
				DD54B21424D209BC00DB7825 /* LaunchScreen.storyboard */,
				DD54B21724D209BC00DB7825 /* Info.plist */,
			);
			path = RestaurantPage;
			sourceTree = "<group>";
		};
		DD54B21F24D209BC00DB7825 /* RestaurantPageTests */ = {
			isa = PBXGroup;
			children = (
				DD54B22024D209BC00DB7825 /* RestaurantPageTests.swift */,
				DD54B22224D209BC00DB7825 /* Info.plist */,
			);
			path = RestaurantPageTests;
			sourceTree = "<group>";
		};
		DD54B22A24D209BC00DB7825 /* RestaurantPageUITests */ = {
			isa = PBXGroup;
			children = (
				DD54B22B24D209BC00DB7825 /* RestaurantPageUITests.swift */,
				DD54B22D24D209BC00DB7825 /* Info.plist */,
			);
			path = RestaurantPageUITests;
			sourceTree = "<group>";
		};
/* End PBXGroup section */

/* Begin PBXNativeTarget section */
		DD54B20524D209BA00DB7825 /* RestaurantPage */ = {
			isa = PBXNativeTarget;
			buildConfigurationList = DD54B23024D209BC00DB7825 /* Build configuration list for PBXNativeTarget "RestaurantPage" */;
			buildPhases = (
				DD54B20224D209BA00DB7825 /* Sources */,
				DD54B20324D209BA00DB7825 /* Frameworks */,
				DD54B20424D209BA00DB7825 /* Resources */,
			);
			buildRules = (
			);
			dependencies = (
			);
			name = RestaurantPage;
			productName = RestaurantPage;
			productReference = DD54B20624D209BA00DB7825 /* RestaurantPage.app */;
			productType = "com.apple.product-type.application";
		};
		DD54B21B24D209BC00DB7825 /* RestaurantPageTests */ = {
			isa = PBXNativeTarget;
			buildConfigurationList = DD54B23324D209BC00DB7825 /* Build configuration list for PBXNativeTarget "RestaurantPageTests" */;
			buildPhases = (
				DD54B21824D209BC00DB7825 /* Sources */,
				DD54B21924D209BC00DB7825 /* Frameworks */,
				DD54B21A24D209BC00DB7825 /* Resources */,
			);
			buildRules = (
			);
			dependencies = (
				DD54B21E24D209BC00DB7825 /* PBXTargetDependency */,
			);
			name = RestaurantPageTests;
			productName = RestaurantPageTests;
			productReference = DD54B21C24D209BC00DB7825 /* RestaurantPageTests.xctest */;
			productType = "com.apple.product-type.bundle.unit-test";
		};
		DD54B22624D209BC00DB7825 /* RestaurantPageUITests */ = {
			isa = PBXNativeTarget;
			buildConfigurationList = DD54B23624D209BC00DB7825 /* Build configuration list for PBXNativeTarget "RestaurantPageUITests" */;
			buildPhases = (
				DD54B22324D209BC00DB7825 /* Sources */,
				DD54B22424D209BC00DB7825 /* Frameworks */,
				DD54B22524D209BC00DB7825 /* Resources */,
			);
			buildRules = (
			);
			dependencies = (
				DD54B22924D209BC00DB7825 /* PBXTargetDependency */,
			);
			name = RestaurantPageUITests;
			productName = RestaurantPageUITests;
			productReference = DD54B22724D209BC00DB7825 /* RestaurantPageUITests.xctest */;
			productType = "com.apple.product-type.bundle.ui-testing";
		};
/* End PBXNativeTarget section */

/* Begin PBXProject section */
		DD54B1FE24D209BA00DB7825 /* Project object */ = {
			isa = PBXProject;
			attributes = {
				LastSwiftUpdateCheck = 1160;
				LastUpgradeCheck = 1160;
				ORGANIZATIONNAME = Reserv;
				TargetAttributes = {
					DD54B20524D209BA00DB7825 = {
						CreatedOnToolsVersion = 11.6;
					};
					DD54B21B24D209BC00DB7825 = {
						CreatedOnToolsVersion = 11.6;
						TestTargetID = DD54B20524D209BA00DB7825;
					};
					DD54B22624D209BC00DB7825 = {
						CreatedOnToolsVersion = 11.6;
						TestTargetID = DD54B20524D209BA00DB7825;
					};
				};
			};
			buildConfigurationList = DD54B20124D209BA00DB7825 /* Build configuration list for PBXProject "RestaurantPage" */;
			compatibilityVersion = "Xcode 9.3";
			developmentRegion = en;
			hasScannedForEncodings = 0;
			knownRegions = (
				en,
				Base,
			);
			mainGroup = DD54B1FD24D209BA00DB7825;
			productRefGroup = DD54B20724D209BA00DB7825 /* Products */;
			projectDirPath = "";
			projectRoot = "";
			targets = (
				DD54B20524D209BA00DB7825 /* RestaurantPage */,
				DD54B21B24D209BC00DB7825 /* RestaurantPageTests */,
				DD54B22624D209BC00DB7825 /* RestaurantPageUITests */,
			);
		};
/* End PBXProject section */

/* Begin PBXResourcesBuildPhase section */
		DD54B20424D209BA00DB7825 /* Resources */ = {
			isa = PBXResourcesBuildPhase;
			buildActionMask = 2147483647;
			files = (
				DD54B21624D209BC00DB7825 /* LaunchScreen.storyboard in Resources */,
				DD54B21324D209BC00DB7825 /* Assets.xcassets in Resources */,
				DD54B21124D209BA00DB7825 /* Main.storyboard in Resources */,
			);
			runOnlyForDeploymentPostprocessing = 0;
		};
		DD54B21A24D209BC00DB7825 /* Resources */ = {
			isa = PBXResourcesBuildPhase;
			buildActionMask = 2147483647;
			files = (
			);
			runOnlyForDeploymentPostprocessing = 0;
		};
		DD54B22524D209BC00DB7825 /* Resources */ = {
			isa = PBXResourcesBuildPhase;
			buildActionMask = 2147483647;
			files = (
			);
			runOnlyForDeploymentPostprocessing = 0;
		};
/* End PBXResourcesBuildPhase section */

/* Begin PBXSourcesBuildPhase section */
		DD54B20224D209BA00DB7825 /* Sources */ = {
			isa = PBXSourcesBuildPhase;
			buildActionMask = 2147483647;
			files = (
				DD54B20E24D209BA00DB7825 /* ViewController.swift in Sources */,
				DD54B20A24D209BA00DB7825 /* AppDelegate.swift in Sources */,
				DD54B20C24D209BA00DB7825 /* SceneDelegate.swift in Sources */,
			);
			runOnlyForDeploymentPostprocessing = 0;
		};
		DD54B21824D209BC00DB7825 /* Sources */ = {
			isa = PBXSourcesBuildPhase;
			buildActionMask = 2147483647;
			files = (
				DD54B22124D209BC00DB7825 /* RestaurantPageTests.swift in Sources */,
			);
			runOnlyForDeploymentPostprocessing = 0;
		};
		DD54B22324D209BC00DB7825 /* Sources */ = {
			isa = PBXSourcesBuildPhase;
			buildActionMask = 2147483647;
			files = (
				DD54B22C24D209BC00DB7825 /* RestaurantPageUITests.swift in Sources */,
			);
			runOnlyForDeploymentPostprocessing = 0;
		};
/* End PBXSourcesBuildPhase section */

/* Begin PBXTargetDependency section */
		DD54B21E24D209BC00DB7825 /* PBXTargetDependency */ = {
			isa = PBXTargetDependency;
			target = DD54B20524D209BA00DB7825 /* RestaurantPage */;
			targetProxy = DD54B21D24D209BC00DB7825 /* PBXContainerItemProxy */;
		};
		DD54B22924D209BC00DB7825 /* PBXTargetDependency */ = {
			isa = PBXTargetDependency;
			target = DD54B20524D209BA00DB7825 /* RestaurantPage */;
			targetProxy = DD54B22824D209BC00DB7825 /* PBXContainerItemProxy */;
		};
/* End PBXTargetDependency section */

/* Begin PBXVariantGroup section */
		DD54B20F24D209BA00DB7825 /* Main.storyboard */ = {
			isa = PBXVariantGroup;
			children = (
				DD54B21024D209BA00DB7825 /* Base */,
			);
			name = Main.storyboard;
			sourceTree = "<group>";
		};
		DD54B21424D209BC00DB7825 /* LaunchScreen.storyboard */ = {
			isa = PBXVariantGroup;
			children = (
				DD54B21524D209BC00DB7825 /* Base */,
			);
			name = LaunchScreen.storyboard;
			sourceTree = "<group>";
		};
/* End PBXVariantGroup section */

/* Begin XCBuildConfiguration section */
		DD54B22E24D209BC00DB7825 /* Debug */ = {
			isa = XCBuildConfiguration;
			buildSettings = {
				ALWAYS_SEARCH_USER_PATHS = NO;
				CLANG_ANALYZER_NONNULL = YES;
				CLANG_ANALYZER_NUMBER_OBJECT_CONVERSION = YES_AGGRESSIVE;
				CLANG_CXX_LANGUAGE_STANDARD = "gnu++14";
				CLANG_CXX_LIBRARY = "libc++";
				CLANG_ENABLE_MODULES = YES;
				CLANG_ENABLE_OBJC_ARC = YES;
				CLANG_ENABLE_OBJC_WEAK = YES;
				CLANG_WARN_BLOCK_CAPTURE_AUTORELEASING = YES;
				CLANG_WARN_BOOL_CONVERSION = YES;
				CLANG_WARN_COMMA = YES;
				CLANG_WARN_CONSTANT_CONVERSION = YES;
				CLANG_WARN_DEPRECATED_OBJC_IMPLEMENTATIONS = YES;
				CLANG_WARN_DIRECT_OBJC_ISA_USAGE = YES_ERROR;
				CLANG_WARN_DOCUMENTATION_COMMENTS = YES;
				CLANG_WARN_EMPTY_BODY = YES;
				CLANG_WARN_ENUM_CONVERSION = YES;
				CLANG_WARN_INFINITE_RECURSION = YES;
				CLANG_WARN_INT_CONVERSION = YES;
				CLANG_WARN_NON_LITERAL_NULL_CONVERSION = YES;
				CLANG_WARN_OBJC_IMPLICIT_RETAIN_SELF = YES;
				CLANG_WARN_OBJC_LITERAL_CONVERSION = YES;
				CLANG_WARN_OBJC_ROOT_CLASS = YES_ERROR;
				CLANG_WARN_RANGE_LOOP_ANALYSIS = YES;
				CLANG_WARN_STRICT_PROTOTYPES = YES;
				CLANG_WARN_SUSPICIOUS_MOVE = YES;
				CLANG_WARN_UNGUARDED_AVAILABILITY = YES_AGGRESSIVE;
				CLANG_WARN_UNREACHABLE_CODE = YES;
				CLANG_WARN__DUPLICATE_METHOD_MATCH = YES;
				COPY_PHASE_STRIP = NO;
				DEBUG_INFORMATION_FORMAT = dwarf;
				ENABLE_STRICT_OBJC_MSGSEND = YES;
				ENABLE_TESTABILITY = YES;
				GCC_C_LANGUAGE_STANDARD = gnu11;
				GCC_DYNAMIC_NO_PIC = NO;
				GCC_NO_COMMON_BLOCKS = YES;
				GCC_OPTIMIZATION_LEVEL = 0;
				GCC_PREPROCESSOR_DEFINITIONS = (
					"DEBUG=1",
					"$(inherited)",
				);
				GCC_WARN_64_TO_32_BIT_CONVERSION = YES;
				GCC_WARN_ABOUT_RETURN_TYPE = YES_ERROR;
				GCC_WARN_UNDECLARED_SELECTOR = YES;
				GCC_WARN_UNINITIALIZED_AUTOS = YES_AGGRESSIVE;
				GCC_WARN_UNUSED_FUNCTION = YES;
				GCC_WARN_UNUSED_VARIABLE = YES;
				IPHONEOS_DEPLOYMENT_TARGET = 13.6;
				MTL_ENABLE_DEBUG_INFO = INCLUDE_SOURCE;
				MTL_FAST_MATH = YES;
				ONLY_ACTIVE_ARCH = YES;
				SDKROOT = iphoneos;
				SWIFT_ACTIVE_COMPILATION_CONDITIONS = DEBUG;
				SWIFT_OPTIMIZATION_LEVEL = "-Onone";
			};
			name = Debug;
		};
		DD54B22F24D209BC00DB7825 /* Release */ = {
			isa = XCBuildConfiguration;
			buildSettings = {
				ALWAYS_SEARCH_USER_PATHS = NO;
				CLANG_ANALYZER_NONNULL = YES;
				CLANG_ANALYZER_NUMBER_OBJECT_CONVERSION = YES_AGGRESSIVE;
				CLANG_CXX_LANGUAGE_STANDARD = "gnu++14";
				CLANG_CXX_LIBRARY = "libc++";
				CLANG_ENABLE_MODULES = YES;
				CLANG_ENABLE_OBJC_ARC = YES;
				CLANG_ENABLE_OBJC_WEAK = YES;
				CLANG_WARN_BLOCK_CAPTURE_AUTORELEASING = YES;
				CLANG_WARN_BOOL_CONVERSION = YES;
				CLANG_WARN_COMMA = YES;
				CLANG_WARN_CONSTANT_CONVERSION = YES;
				CLANG_WARN_DEPRECATED_OBJC_IMPLEMENTATIONS = YES;
				CLANG_WARN_DIRECT_OBJC_ISA_USAGE = YES_ERROR;
				CLANG_WARN_DOCUMENTATION_COMMENTS = YES;
				CLANG_WARN_EMPTY_BODY = YES;
				CLANG_WARN_ENUM_CONVERSION = YES;
				CLANG_WARN_INFINITE_RECURSION = YES;
				CLANG_WARN_INT_CONVERSION = YES;
				CLANG_WARN_NON_LITERAL_NULL_CONVERSION = YES;
				CLANG_WARN_OBJC_IMPLICIT_RETAIN_SELF = YES;
				CLANG_WARN_OBJC_LITERAL_CONVERSION = YES;
				CLANG_WARN_OBJC_ROOT_CLASS = YES_ERROR;
				CLANG_WARN_RANGE_LOOP_ANALYSIS = YES;
				CLANG_WARN_STRICT_PROTOTYPES = YES;
				CLANG_WARN_SUSPICIOUS_MOVE = YES;
				CLANG_WARN_UNGUARDED_AVAILABILITY = YES_AGGRESSIVE;
				CLANG_WARN_UNREACHABLE_CODE = YES;
				CLANG_WARN__DUPLICATE_METHOD_MATCH = YES;
				COPY_PHASE_STRIP = NO;
				DEBUG_INFORMATION_FORMAT = "dwarf-with-dsym";
				ENABLE_NS_ASSERTIONS = NO;
				ENABLE_STRICT_OBJC_MSGSEND = YES;
				GCC_C_LANGUAGE_STANDARD = gnu11;
				GCC_NO_COMMON_BLOCKS = YES;
				GCC_WARN_64_TO_32_BIT_CONVERSION = YES;
				GCC_WARN_ABOUT_RETURN_TYPE = YES_ERROR;
				GCC_WARN_UNDECLARED_SELECTOR = YES;
				GCC_WARN_UNINITIALIZED_AUTOS = YES_AGGRESSIVE;
				GCC_WARN_UNUSED_FUNCTION = YES;
				GCC_WARN_UNUSED_VARIABLE = YES;
				IPHONEOS_DEPLOYMENT_TARGET = 13.6;
				MTL_ENABLE_DEBUG_INFO = NO;
				MTL_FAST_MATH = YES;
				SDKROOT = iphoneos;
				SWIFT_COMPILATION_MODE = wholemodule;
				SWIFT_OPTIMIZATION_LEVEL = "-O";
				VALIDATE_PRODUCT = YES;
			};
			name = Release;
		};
		DD54B23124D209BC00DB7825 /* Debug */ = {
			isa = XCBuildConfiguration;
			buildSettings = {
				ASSETCATALOG_COMPILER_APPICON_NAME = AppIcon;
				CODE_SIGN_STYLE = Automatic;
				INFOPLIST_FILE = RestaurantPage/Info.plist;
				LD_RUNPATH_SEARCH_PATHS = (
					"$(inherited)",
					"@executable_path/Frameworks",
				);
				PRODUCT_BUNDLE_IDENTIFIER = Reserv.RestaurantPage;
				PRODUCT_NAME = "$(TARGET_NAME)";
				SWIFT_VERSION = 5.0;
				TARGETED_DEVICE_FAMILY = "1,2";
			};
			name = Debug;
		};
		DD54B23224D209BC00DB7825 /* Release */ = {
			isa = XCBuildConfiguration;
			buildSettings = {
				ASSETCATALOG_COMPILER_APPICON_NAME = AppIcon;
				CODE_SIGN_STYLE = Automatic;
				INFOPLIST_FILE = RestaurantPage/Info.plist;
				LD_RUNPATH_SEARCH_PATHS = (
					"$(inherited)",
					"@executable_path/Frameworks",
				);
				PRODUCT_BUNDLE_IDENTIFIER = Reserv.RestaurantPage;
				PRODUCT_NAME = "$(TARGET_NAME)";
				SWIFT_VERSION = 5.0;
				TARGETED_DEVICE_FAMILY = "1,2";
			};
			name = Release;
		};
		DD54B23424D209BC00DB7825 /* Debug */ = {
			isa = XCBuildConfiguration;
			buildSettings = {
				ALWAYS_EMBED_SWIFT_STANDARD_LIBRARIES = YES;
				BUNDLE_LOADER = "$(TEST_HOST)";
				CODE_SIGN_STYLE = Automatic;
				INFOPLIST_FILE = RestaurantPageTests/Info.plist;
				IPHONEOS_DEPLOYMENT_TARGET = 13.6;
				LD_RUNPATH_SEARCH_PATHS = (
					"$(inherited)",
					"@executable_path/Frameworks",
					"@loader_path/Frameworks",
				);
				PRODUCT_BUNDLE_IDENTIFIER = Reserv.RestaurantPageTests;
				PRODUCT_NAME = "$(TARGET_NAME)";
				SWIFT_VERSION = 5.0;
				TARGETED_DEVICE_FAMILY = "1,2";
				TEST_HOST = "$(BUILT_PRODUCTS_DIR)/RestaurantPage.app/RestaurantPage";
			};
			name = Debug;
		};
		DD54B23524D209BC00DB7825 /* Release */ = {
			isa = XCBuildConfiguration;
			buildSettings = {
				ALWAYS_EMBED_SWIFT_STANDARD_LIBRARIES = YES;
				BUNDLE_LOADER = "$(TEST_HOST)";
				CODE_SIGN_STYLE = Automatic;
				INFOPLIST_FILE = RestaurantPageTests/Info.plist;
				IPHONEOS_DEPLOYMENT_TARGET = 13.6;
				LD_RUNPATH_SEARCH_PATHS = (
					"$(inherited)",
					"@executable_path/Frameworks",
					"@loader_path/Frameworks",
				);
				PRODUCT_BUNDLE_IDENTIFIER = Reserv.RestaurantPageTests;
				PRODUCT_NAME = "$(TARGET_NAME)";
				SWIFT_VERSION = 5.0;
				TARGETED_DEVICE_FAMILY = "1,2";
				TEST_HOST = "$(BUILT_PRODUCTS_DIR)/RestaurantPage.app/RestaurantPage";
			};
			name = Release;
		};
		DD54B23724D209BC00DB7825 /* Debug */ = {
			isa = XCBuildConfiguration;
			buildSettings = {
				ALWAYS_EMBED_SWIFT_STANDARD_LIBRARIES = YES;
				CODE_SIGN_STYLE = Automatic;
				INFOPLIST_FILE = RestaurantPageUITests/Info.plist;
				LD_RUNPATH_SEARCH_PATHS = (
					"$(inherited)",
					"@executable_path/Frameworks",
					"@loader_path/Frameworks",
				);
				PRODUCT_BUNDLE_IDENTIFIER = Reserv.RestaurantPageUITests;
				PRODUCT_NAME = "$(TARGET_NAME)";
				SWIFT_VERSION = 5.0;
				TARGETED_DEVICE_FAMILY = "1,2";
				TEST_TARGET_NAME = RestaurantPage;
			};
			name = Debug;
		};
		DD54B23824D209BC00DB7825 /* Release */ = {
			isa = XCBuildConfiguration;
			buildSettings = {
				ALWAYS_EMBED_SWIFT_STANDARD_LIBRARIES = YES;
				CODE_SIGN_STYLE = Automatic;
				INFOPLIST_FILE = RestaurantPageUITests/Info.plist;
				LD_RUNPATH_SEARCH_PATHS = (
					"$(inherited)",
					"@executable_path/Frameworks",
					"@loader_path/Frameworks",
				);
				PRODUCT_BUNDLE_IDENTIFIER = Reserv.RestaurantPageUITests;
				PRODUCT_NAME = "$(TARGET_NAME)";
				SWIFT_VERSION = 5.0;
				TARGETED_DEVICE_FAMILY = "1,2";
				TEST_TARGET_NAME = RestaurantPage;
			};
			name = Release;
		};
/* End XCBuildConfiguration section */

/* Begin XCConfigurationList section */
		DD54B20124D209BA00DB7825 /* Build configuration list for PBXProject "RestaurantPage" */ = {
			isa = XCConfigurationList;
			buildConfigurations = (
				DD54B22E24D209BC00DB7825 /* Debug */,
				DD54B22F24D209BC00DB7825 /* Release */,
			);
			defaultConfigurationIsVisible = 0;
			defaultConfigurationName = Release;
		};
		DD54B23024D209BC00DB7825 /* Build configuration list for PBXNativeTarget "RestaurantPage" */ = {
			isa = XCConfigurationList;
			buildConfigurations = (
				DD54B23124D209BC00DB7825 /* Debug */,
				DD54B23224D209BC00DB7825 /* Release */,
			);
			defaultConfigurationIsVisible = 0;
			defaultConfigurationName = Release;
		};
		DD54B23324D209BC00DB7825 /* Build configuration list for PBXNativeTarget "RestaurantPageTests" */ = {
			isa = XCConfigurationList;
			buildConfigurations = (
				DD54B23424D209BC00DB7825 /* Debug */,
				DD54B23524D209BC00DB7825 /* Release */,
			);
			defaultConfigurationIsVisible = 0;
			defaultConfigurationName = Release;
		};
		DD54B23624D209BC00DB7825 /* Build configuration list for PBXNativeTarget "RestaurantPageUITests" */ = {
			isa = XCConfigurationList;
			buildConfigurations = (
				DD54B23724D209BC00DB7825 /* Debug */,
				DD54B23824D209BC00DB7825 /* Release */,
			);
			defaultConfigurationIsVisible = 0;
			defaultConfigurationName = Release;
		};
/* End XCConfigurationList section */
	};
	rootObject = DD54B1FE24D209BA00DB7825 /* Project object */;
}
